
Microsoft Visual Studio Solution File, Format Version 12.00
# Visual Studio 2013
VisualStudioVersion = 12.0.31101.0
MinimumVisualStudioVersion = 10.0.40219.1
Project("{8BC9CEB8-8B4A-11D0-8D11-00A0C91BC942}") = "EMFViewer", "EMFViewer\EMFViewer.vcxproj", "{FCFB8683-43BA-4A82-B009-147C4AC3F4AB}"
EndProject
Global
	GlobalSection(SolutionConfigurationPlatforms) = preSolution
		Debug|Win32 = Debug|Win32
		Release|Win32 = Release|Win32
	EndGlobalSection
	GlobalSection(ProjectConfigurationPlatforms) = postSolution
		{FCFB8683-43BA-4A82-B009-147C4AC3F4AB}.Debug|Win32.ActiveCfg = Debug|Win32
		{FCFB8683-43BA-4A82-B009-147C4AC3F4AB}.Debug|Win32.Build.0 = Debug|Win32
		{FCFB8683-43BA-4A82-B009-147C4AC3F4AB}.Release|Win32.ActiveCfg = Release|Win32
		{FCFB8683-43BA-4A82-B009-147C4AC3F4AB}.Release|Win32.Build.0 = Release|Win32
	EndGlobalSection
	GlobalSection(SolutionProperties) = preSolution
		HideSolutionNode = FALSE
	EndGlobalSection
EndGlobal
